// !$*UTF8*$!
{
	archiveVersion = 1;
	classes = {
	};
	objectVersion = 46;
	objects = {

/* Begin PBXBuildFile section */
		3E3F34AF6FE87FE47A13E333 /* Pods_Footprint.framework in Frameworks */ = {isa = PBXBuildFile; fileRef = 25ED0FA0FB8F17BF6D36CB8D /* Pods_Footprint.framework */; settings = {ATTRIBUTES = (Weak, ); }; };
		F1F797C81B6336FD00395612 /* main.m in Sources */ = {isa = PBXBuildFile; fileRef = F1F797C71B6336FD00395612 /* main.m */; };
		F1F797CB1B6336FD00395612 /* FPTAppDelegate.m in Sources */ = {isa = PBXBuildFile; fileRef = F1F797CA1B6336FD00395612 /* FPTAppDelegate.m */; };
		F1F797D11B6336FD00395612 /* FPTFootprintsViewController.m in Sources */ = {isa = PBXBuildFile; fileRef = F1F797D01B6336FD00395612 /* FPTFootprintsViewController.m */; };
		F1F797D61B6336FD00395612 /* Images.xcassets in Resources */ = {isa = PBXBuildFile; fileRef = F1F797D51B6336FD00395612 /* Images.xcassets */; };
		F1F797E51B6336FD00395612 /* FootprintTests.m in Sources */ = {isa = PBXBuildFile; fileRef = F1F797E41B6336FD00395612 /* FootprintTests.m */; };
		F1F797FA1B634B3900395612 /* LaunchScreen.xib in Resources */ = {isa = PBXBuildFile; fileRef = F1F797F81B634B3900395612 /* LaunchScreen.xib */; };
		F1F798031B63578F00395612 /* FPTProfileViewController.m in Sources */ = {isa = PBXBuildFile; fileRef = F1F798021B63578E00395612 /* FPTProfileViewController.m */; };
		F1F798061B63579F00395612 /* FPTSettingsViewController.m in Sources */ = {isa = PBXBuildFile; fileRef = F1F798051B63579F00395612 /* FPTSettingsViewController.m */; };
		F1F798091B636C4F00395612 /* FPTFootprintAPIClient.m in Sources */ = {isa = PBXBuildFile; fileRef = F1F798081B636C4F00395612 /* FPTFootprintAPIClient.m */; };
		F1F7980A1B636C4F00395612 /* FPTFootprintAPIClient.m in Sources */ = {isa = PBXBuildFile; fileRef = F1F798081B636C4F00395612 /* FPTFootprintAPIClient.m */; };
		F1F7981A1B637BAA00395612 /* FPTPost.m in Sources */ = {isa = PBXBuildFile; fileRef = F1F798111B637BAA00395612 /* FPTPost.m */; };
		F1F7981B1B637BAA00395612 /* FPTRule.m in Sources */ = {isa = PBXBuildFile; fileRef = F1F798131B637BAA00395612 /* FPTRule.m */; };
		F1F7981C1B637BAA00395612 /* FPTUser.m in Sources */ = {isa = PBXBuildFile; fileRef = F1F798151B637BAA00395612 /* FPTUser.m */; };
		F1F7981D1B637BAA00395612 /* FPTTag.m in Sources */ = {isa = PBXBuildFile; fileRef = F1F798171B637BAA00395612 /* FPTTag.m */; };
		F1F7981E1B637BAA00395612 /* FPTFootprint.m in Sources */ = {isa = PBXBuildFile; fileRef = F1F798191B637BAA00395612 /* FPTFootprint.m */; };
		F1F798231B63849C00395612 /* FPTFootprint.xcdatamodeld in Sources */ = {isa = PBXBuildFile; fileRef = F1F798211B63849C00395612 /* FPTFootprint.xcdatamodeld */; };
		F1F798261B6385B100395612 /* FPTRemoteManagedObject.m in Sources */ = {isa = PBXBuildFile; fileRef = F1F798251B6385B100395612 /* FPTRemoteManagedObject.m */; };
		F1F798291B638A7900395612 /* FPTDefines.m in Sources */ = {isa = PBXBuildFile; fileRef = F1F798281B638A7900395612 /* FPTDefines.m */; };
		F1F7982E1B638D5C00395612 /* NSDictionary+FootprintKit.m in Sources */ = {isa = PBXBuildFile; fileRef = F1F7982D1B638D5C00395612 /* NSDictionary+FootprintKit.m */; };
/* End PBXBuildFile section */

/* Begin PBXContainerItemProxy section */
		F1F797DF1B6336FD00395612 /* PBXContainerItemProxy */ = {
			isa = PBXContainerItemProxy;
			containerPortal = F1F797BA1B6336FD00395612 /* Project object */;
			proxyType = 1;
			remoteGlobalIDString = F1F797C11B6336FD00395612;
			remoteInfo = Footprint;
		};
/* End PBXContainerItemProxy section */

/* Begin PBXFileReference section */
		25ED0FA0FB8F17BF6D36CB8D /* Pods_Footprint.framework */ = {isa = PBXFileReference; explicitFileType = wrapper.framework; includeInIndex = 0; path = Pods_Footprint.framework; sourceTree = BUILT_PRODUCTS_DIR; };
		2B30BAA1E65FF6107D91078A /* Pods-Footprint.release.xcconfig */ = {isa = PBXFileReference; includeInIndex = 1; lastKnownFileType = text.xcconfig; name = "Pods-Footprint.release.xcconfig"; path = "Pods/Target Support Files/Pods-Footprint/Pods-Footprint.release.xcconfig"; sourceTree = "<group>"; };
		D033E136D5CDFC7866217C2C /* Pods-Footprint.debug.xcconfig */ = {isa = PBXFileReference; includeInIndex = 1; lastKnownFileType = text.xcconfig; name = "Pods-Footprint.debug.xcconfig"; path = "Pods/Target Support Files/Pods-Footprint/Pods-Footprint.debug.xcconfig"; sourceTree = "<group>"; };
		F1F797C21B6336FD00395612 /* Footprint.app */ = {isa = PBXFileReference; explicitFileType = wrapper.application; includeInIndex = 0; path = Footprint.app; sourceTree = BUILT_PRODUCTS_DIR; };
		F1F797C61B6336FD00395612 /* Info.plist */ = {isa = PBXFileReference; lastKnownFileType = text.plist.xml; path = Info.plist; sourceTree = "<group>"; };
		F1F797C71B6336FD00395612 /* main.m */ = {isa = PBXFileReference; lastKnownFileType = sourcecode.c.objc; path = main.m; sourceTree = "<group>"; };
		F1F797C91B6336FD00395612 /* FPTAppDelegate.h */ = {isa = PBXFileReference; lastKnownFileType = sourcecode.c.h; path = FPTAppDelegate.h; sourceTree = "<group>"; };
		F1F797CA1B6336FD00395612 /* FPTAppDelegate.m */ = {isa = PBXFileReference; lastKnownFileType = sourcecode.c.objc; path = FPTAppDelegate.m; sourceTree = "<group>"; };
		F1F797CF1B6336FD00395612 /* FPTFootprintsViewController.h */ = {isa = PBXFileReference; lastKnownFileType = sourcecode.c.h; path = FPTFootprintsViewController.h; sourceTree = "<group>"; };
		F1F797D01B6336FD00395612 /* FPTFootprintsViewController.m */ = {isa = PBXFileReference; lastKnownFileType = sourcecode.c.objc; path = FPTFootprintsViewController.m; sourceTree = "<group>"; };
		F1F797D51B6336FD00395612 /* Images.xcassets */ = {isa = PBXFileReference; lastKnownFileType = folder.assetcatalog; path = Images.xcassets; sourceTree = "<group>"; };
		F1F797DE1B6336FD00395612 /* FootprintTests.xctest */ = {isa = PBXFileReference; explicitFileType = wrapper.cfbundle; includeInIndex = 0; path = FootprintTests.xctest; sourceTree = BUILT_PRODUCTS_DIR; };
		F1F797E31B6336FD00395612 /* Info.plist */ = {isa = PBXFileReference; lastKnownFileType = text.plist.xml; path = Info.plist; sourceTree = "<group>"; };
		F1F797E41B6336FD00395612 /* FootprintTests.m */ = {isa = PBXFileReference; lastKnownFileType = sourcecode.c.objc; path = FootprintTests.m; sourceTree = "<group>"; };
		F1F797F91B634B3900395612 /* Base */ = {isa = PBXFileReference; lastKnownFileType = file.xib; name = Base; path = Base.lproj/LaunchScreen.xib; sourceTree = "<group>"; };
		F1F798011B63578E00395612 /* FPTProfileViewController.h */ = {isa = PBXFileReference; fileEncoding = 4; lastKnownFileType = sourcecode.c.h; path = FPTProfileViewController.h; sourceTree = "<group>"; };
		F1F798021B63578E00395612 /* FPTProfileViewController.m */ = {isa = PBXFileReference; fileEncoding = 4; lastKnownFileType = sourcecode.c.objc; path = FPTProfileViewController.m; sourceTree = "<group>"; };
		F1F798041B63579F00395612 /* FPTSettingsViewController.h */ = {isa = PBXFileReference; fileEncoding = 4; lastKnownFileType = sourcecode.c.h; path = FPTSettingsViewController.h; sourceTree = "<group>"; };
		F1F798051B63579F00395612 /* FPTSettingsViewController.m */ = {isa = PBXFileReference; fileEncoding = 4; lastKnownFileType = sourcecode.c.objc; path = FPTSettingsViewController.m; sourceTree = "<group>"; };
		F1F798071B636C4F00395612 /* FPTFootprintAPIClient.h */ = {isa = PBXFileReference; fileEncoding = 4; lastKnownFileType = sourcecode.c.h; path = FPTFootprintAPIClient.h; sourceTree = "<group>"; };
		F1F798081B636C4F00395612 /* FPTFootprintAPIClient.m */ = {isa = PBXFileReference; fileEncoding = 4; lastKnownFileType = sourcecode.c.objc; path = FPTFootprintAPIClient.m; sourceTree = "<group>"; };
		F1F798101B637BAA00395612 /* FPTPost.h */ = {isa = PBXFileReference; fileEncoding = 4; lastKnownFileType = sourcecode.c.h; path = FPTPost.h; sourceTree = "<group>"; };
		F1F798111B637BAA00395612 /* FPTPost.m */ = {isa = PBXFileReference; fileEncoding = 4; lastKnownFileType = sourcecode.c.objc; path = FPTPost.m; sourceTree = "<group>"; };
		F1F798121B637BAA00395612 /* FPTRule.h */ = {isa = PBXFileReference; fileEncoding = 4; lastKnownFileType = sourcecode.c.h; path = FPTRule.h; sourceTree = "<group>"; };
		F1F798131B637BAA00395612 /* FPTRule.m */ = {isa = PBXFileReference; fileEncoding = 4; lastKnownFileType = sourcecode.c.objc; path = FPTRule.m; sourceTree = "<group>"; };
		F1F798141B637BAA00395612 /* FPTUser.h */ = {isa = PBXFileReference; fileEncoding = 4; lastKnownFileType = sourcecode.c.h; path = FPTUser.h; sourceTree = "<group>"; };
		F1F798151B637BAA00395612 /* FPTUser.m */ = {isa = PBXFileReference; fileEncoding = 4; lastKnownFileType = sourcecode.c.objc; path = FPTUser.m; sourceTree = "<group>"; };
		F1F798161B637BAA00395612 /* FPTTag.h */ = {isa = PBXFileReference; fileEncoding = 4; lastKnownFileType = sourcecode.c.h; path = FPTTag.h; sourceTree = "<group>"; };
		F1F798171B637BAA00395612 /* FPTTag.m */ = {isa = PBXFileReference; fileEncoding = 4; lastKnownFileType = sourcecode.c.objc; path = FPTTag.m; sourceTree = "<group>"; };
		F1F798181B637BAA00395612 /* FPTFootprint.h */ = {isa = PBXFileReference; fileEncoding = 4; lastKnownFileType = sourcecode.c.h; path = FPTFootprint.h; sourceTree = "<group>"; };
		F1F798191B637BAA00395612 /* FPTFootprint.m */ = {isa = PBXFileReference; fileEncoding = 4; lastKnownFileType = sourcecode.c.objc; path = FPTFootprint.m; sourceTree = "<group>"; };
		F1F798221B63849C00395612 /* FPTFootprint.xcdatamodel */ = {isa = PBXFileReference; lastKnownFileType = wrapper.xcdatamodel; path = FPTFootprint.xcdatamodel; sourceTree = "<group>"; };
		F1F798241B6385B100395612 /* FPTRemoteManagedObject.h */ = {isa = PBXFileReference; fileEncoding = 4; lastKnownFileType = sourcecode.c.h; path = FPTRemoteManagedObject.h; sourceTree = "<group>"; };
		F1F798251B6385B100395612 /* FPTRemoteManagedObject.m */ = {isa = PBXFileReference; fileEncoding = 4; lastKnownFileType = sourcecode.c.objc; path = FPTRemoteManagedObject.m; sourceTree = "<group>"; };
		F1F798281B638A7900395612 /* FPTDefines.m */ = {isa = PBXFileReference; fileEncoding = 4; lastKnownFileType = sourcecode.c.objc; path = FPTDefines.m; sourceTree = "<group>"; };
		F1F7982A1B638B3200395612 /* FPTDefines.h */ = {isa = PBXFileReference; lastKnownFileType = sourcecode.c.h; path = FPTDefines.h; sourceTree = "<group>"; };
		F1F7982C1B638D5C00395612 /* NSDictionary+FootprintKit.h */ = {isa = PBXFileReference; fileEncoding = 4; lastKnownFileType = sourcecode.c.h; path = "NSDictionary+FootprintKit.h"; sourceTree = "<group>"; };
		F1F7982D1B638D5C00395612 /* NSDictionary+FootprintKit.m */ = {isa = PBXFileReference; fileEncoding = 4; lastKnownFileType = sourcecode.c.objc; path = "NSDictionary+FootprintKit.m"; sourceTree = "<group>"; };
/* End PBXFileReference section */

/* Begin PBXFrameworksBuildPhase section */
		F1F797BF1B6336FD00395612 /* Frameworks */ = {
			isa = PBXFrameworksBuildPhase;
			buildActionMask = 2147483647;
			files = (
				3E3F34AF6FE87FE47A13E333 /* Pods_Footprint.framework in Frameworks */,
			);
			runOnlyForDeploymentPostprocessing = 0;
		};
		F1F797DB1B6336FD00395612 /* Frameworks */ = {
			isa = PBXFrameworksBuildPhase;
			buildActionMask = 2147483647;
			files = (
			);
			runOnlyForDeploymentPostprocessing = 0;
		};
/* End PBXFrameworksBuildPhase section */

/* Begin PBXGroup section */
		092A9AA6F12F9A902138D779 /* Frameworks */ = {
			isa = PBXGroup;
			children = (
				25ED0FA0FB8F17BF6D36CB8D /* Pods_Footprint.framework */,
			);
			name = Frameworks;
			sourceTree = "<group>";
		};
		6FD59BD99C2C57054F239CEC /* Pods */ = {
			isa = PBXGroup;
			children = (
				D033E136D5CDFC7866217C2C /* Pods-Footprint.debug.xcconfig */,
				2B30BAA1E65FF6107D91078A /* Pods-Footprint.release.xcconfig */,
			);
			name = Pods;
			sourceTree = "<group>";
		};
		F1F797B91B6336FD00395612 = {
			isa = PBXGroup;
			children = (
				F1F797C41B6336FD00395612 /* Footprint */,
				F1F797F11B6349E700395612 /* FootprintKit */,
				F1F797E11B6336FD00395612 /* FootprintTests */,
				092A9AA6F12F9A902138D779 /* Frameworks */,
				6FD59BD99C2C57054F239CEC /* Pods */,
				F1F797C31B6336FD00395612 /* Products */,
			);
			sourceTree = "<group>";
		};
		F1F797C31B6336FD00395612 /* Products */ = {
			isa = PBXGroup;
			children = (
				F1F797C21B6336FD00395612 /* Footprint.app */,
				F1F797DE1B6336FD00395612 /* FootprintTests.xctest */,
			);
			name = Products;
			sourceTree = "<group>";
		};
		F1F797C41B6336FD00395612 /* Footprint */ = {
			isa = PBXGroup;
			children = (
				F1F797F01B633C5900395612 /* Other Sources */,
				F1F797EF1B633C5100395612 /* Resources */,
				F1F797EE1B633C4800395612 /* Classes */,
			);
			path = Footprint;
			sourceTree = "<group>";
		};
		F1F797E11B6336FD00395612 /* FootprintTests */ = {
			isa = PBXGroup;
			children = (
				F1F797E41B6336FD00395612 /* FootprintTests.m */,
				F1F797E21B6336FD00395612 /* Supporting Files */,
			);
			path = FootprintTests;
			sourceTree = "<group>";
		};
		F1F797E21B6336FD00395612 /* Supporting Files */ = {
			isa = PBXGroup;
			children = (
				F1F797E31B6336FD00395612 /* Info.plist */,
			);
			name = "Supporting Files";
			sourceTree = "<group>";
		};
		F1F797EE1B633C4800395612 /* Classes */ = {
			isa = PBXGroup;
			children = (
				F1F797C91B6336FD00395612 /* FPTAppDelegate.h */,
				F1F797CA1B6336FD00395612 /* FPTAppDelegate.m */,
				F1F797CF1B6336FD00395612 /* FPTFootprintsViewController.h */,
				F1F797D01B6336FD00395612 /* FPTFootprintsViewController.m */,
				F1F798011B63578E00395612 /* FPTProfileViewController.h */,
				F1F798021B63578E00395612 /* FPTProfileViewController.m */,
				F1F798041B63579F00395612 /* FPTSettingsViewController.h */,
				F1F798051B63579F00395612 /* FPTSettingsViewController.m */,
			);
			path = Classes;
			sourceTree = "<group>";
		};
		F1F797EF1B633C5100395612 /* Resources */ = {
			isa = PBXGroup;
			children = (
				F1F797F81B634B3900395612 /* LaunchScreen.xib */,
				F1F797C61B6336FD00395612 /* Info.plist */,
				F1F797D51B6336FD00395612 /* Images.xcassets */,
			);
			path = Resources;
			sourceTree = "<group>";
		};
		F1F797F01B633C5900395612 /* Other Sources */ = {
			isa = PBXGroup;
			children = (
				F1F797C71B6336FD00395612 /* main.m */,
			);
			path = "Other Sources";
			sourceTree = "<group>";
		};
		F1F797F11B6349E700395612 /* FootprintKit */ = {
			isa = PBXGroup;
			children = (
				F1F797F31B634A1100395612 /* Other Sources */,
				F1F797F21B6349FF00395612 /* Classes */,
			);
			path = FootprintKit;
			sourceTree = "<group>";
		};
		F1F797F21B6349FF00395612 /* Classes */ = {
			isa = PBXGroup;
			children = (
				F1F7982B1B638D3500395612 /* Categories */,
				F1F7982A1B638B3200395612 /* FPTDefines.h */,
				F1F798281B638A7900395612 /* FPTDefines.m */,
				F1F798271B6385BC00395612 /* Models */,
				F1F7980B1B636C5500395612 /* Networking */,
			);
			path = Classes;
			sourceTree = "<group>";
		};
		F1F797F31B634A1100395612 /* Other Sources */ = {
			isa = PBXGroup;
			children = (
				F1F798211B63849C00395612 /* FPTFootprint.xcdatamodeld */,
			);
			path = "Other Sources";
			sourceTree = "<group>";
		};
		F1F7980B1B636C5500395612 /* Networking */ = {
			isa = PBXGroup;
			children = (
				F1F798071B636C4F00395612 /* FPTFootprintAPIClient.h */,
				F1F798081B636C4F00395612 /* FPTFootprintAPIClient.m */,
			);
			name = Networking;
			sourceTree = "<group>";
		};
		F1F798271B6385BC00395612 /* Models */ = {
			isa = PBXGroup;
			children = (
				F1F798181B637BAA00395612 /* FPTFootprint.h */,
				F1F798191B637BAA00395612 /* FPTFootprint.m */,
				F1F798101B637BAA00395612 /* FPTPost.h */,
				F1F798111B637BAA00395612 /* FPTPost.m */,
				F1F798241B6385B100395612 /* FPTRemoteManagedObject.h */,
				F1F798251B6385B100395612 /* FPTRemoteManagedObject.m */,
				F1F798121B637BAA00395612 /* FPTRule.h */,
				F1F798131B637BAA00395612 /* FPTRule.m */,
				F1F798161B637BAA00395612 /* FPTTag.h */,
				F1F798171B637BAA00395612 /* FPTTag.m */,
				F1F798141B637BAA00395612 /* FPTUser.h */,
				F1F798151B637BAA00395612 /* FPTUser.m */,
			);
			name = Models;
			sourceTree = "<group>";
		};
		F1F7982B1B638D3500395612 /* Categories */ = {
			isa = PBXGroup;
			children = (
				F1F7982C1B638D5C00395612 /* NSDictionary+FootprintKit.h */,
				F1F7982D1B638D5C00395612 /* NSDictionary+FootprintKit.m */,
			);
			name = Categories;
			sourceTree = "<group>";
		};
/* End PBXGroup section */

/* Begin PBXNativeTarget section */
		F1F797C11B6336FD00395612 /* Footprint */ = {
			isa = PBXNativeTarget;
			buildConfigurationList = F1F797E81B6336FD00395612 /* Build configuration list for PBXNativeTarget "Footprint" */;
			buildPhases = (
				0EE74D39C5E7FF2DB6CA2E86 /* Check Pods Manifest.lock */,
				F1F797BE1B6336FD00395612 /* Sources */,
				F1F797BF1B6336FD00395612 /* Frameworks */,
				F1F797C01B6336FD00395612 /* Resources */,
				425D31A112FA21CCBBCC5834 /* Copy Pods Resources */,
				77DDF7BDED507E552014773F /* Embed Pods Frameworks */,
			);
			buildRules = (
			);
			dependencies = (
			);
			name = Footprint;
			productName = Footprint;
			productReference = F1F797C21B6336FD00395612 /* Footprint.app */;
			productType = "com.apple.product-type.application";
		};
		F1F797DD1B6336FD00395612 /* FootprintTests */ = {
			isa = PBXNativeTarget;
			buildConfigurationList = F1F797EB1B6336FD00395612 /* Build configuration list for PBXNativeTarget "FootprintTests" */;
			buildPhases = (
				F1F797DA1B6336FD00395612 /* Sources */,
				F1F797DB1B6336FD00395612 /* Frameworks */,
				F1F797DC1B6336FD00395612 /* Resources */,
			);
			buildRules = (
			);
			dependencies = (
				F1F797E01B6336FD00395612 /* PBXTargetDependency */,
			);
			name = FootprintTests;
			productName = FootprintTests;
			productReference = F1F797DE1B6336FD00395612 /* FootprintTests.xctest */;
			productType = "com.apple.product-type.bundle.unit-test";
		};
/* End PBXNativeTarget section */

/* Begin PBXProject section */
		F1F797BA1B6336FD00395612 /* Project object */ = {
			isa = PBXProject;
			attributes = {
				CLASSPREFIX = FPT;
				LastUpgradeCheck = 0640;
				ORGANIZATIONNAME = "Yiming Tang";
				TargetAttributes = {
					F1F797C11B6336FD00395612 = {
						CreatedOnToolsVersion = 6.4;
						DevelopmentTeam = 74UX6D4SCA;
					};
					F1F797DD1B6336FD00395612 = {
						CreatedOnToolsVersion = 6.4;
						TestTargetID = F1F797C11B6336FD00395612;
					};
				};
			};
			buildConfigurationList = F1F797BD1B6336FD00395612 /* Build configuration list for PBXProject "Footprint" */;
			compatibilityVersion = "Xcode 3.2";
			developmentRegion = English;
			hasScannedForEncodings = 0;
			knownRegions = (
				en,
				Base,
			);
			mainGroup = F1F797B91B6336FD00395612;
			productRefGroup = F1F797C31B6336FD00395612 /* Products */;
			projectDirPath = "";
			projectRoot = "";
			targets = (
				F1F797C11B6336FD00395612 /* Footprint */,
				F1F797DD1B6336FD00395612 /* FootprintTests */,
			);
		};
/* End PBXProject section */

/* Begin PBXResourcesBuildPhase section */
		F1F797C01B6336FD00395612 /* Resources */ = {
			isa = PBXResourcesBuildPhase;
			buildActionMask = 2147483647;
			files = (
				F1F797FA1B634B3900395612 /* LaunchScreen.xib in Resources */,
				F1F797D61B6336FD00395612 /* Images.xcassets in Resources */,
			);
			runOnlyForDeploymentPostprocessing = 0;
		};
		F1F797DC1B6336FD00395612 /* Resources */ = {
			isa = PBXResourcesBuildPhase;
			buildActionMask = 2147483647;
			files = (
			);
			runOnlyForDeploymentPostprocessing = 0;
		};
/* End PBXResourcesBuildPhase section */

/* Begin PBXShellScriptBuildPhase section */
		0EE74D39C5E7FF2DB6CA2E86 /* Check Pods Manifest.lock */ = {
			isa = PBXShellScriptBuildPhase;
			buildActionMask = 2147483647;
			files = (
			);
			inputPaths = (
			);
			name = "Check Pods Manifest.lock";
			outputPaths = (
			);
			runOnlyForDeploymentPostprocessing = 0;
			shellPath = /bin/sh;
			shellScript = "diff \"${PODS_ROOT}/../Podfile.lock\" \"${PODS_ROOT}/Manifest.lock\" > /dev/null\nif [[ $? != 0 ]] ; then\n    cat << EOM\nerror: The sandbox is not in sync with the Podfile.lock. Run 'pod install' or update your CocoaPods installation.\nEOM\n    exit 1\nfi\n";
			showEnvVarsInLog = 0;
		};
		425D31A112FA21CCBBCC5834 /* Copy Pods Resources */ = {
			isa = PBXShellScriptBuildPhase;
			buildActionMask = 2147483647;
			files = (
			);
			inputPaths = (
			);
			name = "Copy Pods Resources";
			outputPaths = (
			);
			runOnlyForDeploymentPostprocessing = 0;
			shellPath = /bin/sh;
			shellScript = "\"${SRCROOT}/Pods/Target Support Files/Pods-Footprint/Pods-Footprint-resources.sh\"\n";
			showEnvVarsInLog = 0;
		};
		77DDF7BDED507E552014773F /* Embed Pods Frameworks */ = {
			isa = PBXShellScriptBuildPhase;
			buildActionMask = 2147483647;
			files = (
			);
			inputPaths = (
			);
			name = "Embed Pods Frameworks";
			outputPaths = (
			);
			runOnlyForDeploymentPostprocessing = 0;
			shellPath = /bin/sh;
			shellScript = "\"${SRCROOT}/Pods/Target Support Files/Pods-Footprint/Pods-Footprint-frameworks.sh\"\n";
			showEnvVarsInLog = 0;
		};
/* End PBXShellScriptBuildPhase section */

/* Begin PBXSourcesBuildPhase section */
		F1F797BE1B6336FD00395612 /* Sources */ = {
			isa = PBXSourcesBuildPhase;
			buildActionMask = 2147483647;
			files = (
				F1F7981D1B637BAA00395612 /* FPTTag.m in Sources */,
				F1F7981C1B637BAA00395612 /* FPTUser.m in Sources */,
				F1F797CB1B6336FD00395612 /* FPTAppDelegate.m in Sources */,
				F1F797D11B6336FD00395612 /* FPTFootprintsViewController.m in Sources */,
				F1F798231B63849C00395612 /* FPTFootprint.xcdatamodeld in Sources */,
				F1F798061B63579F00395612 /* FPTSettingsViewController.m in Sources */,
				F1F7982E1B638D5C00395612 /* NSDictionary+FootprintKit.m in Sources */,
				F1F797C81B6336FD00395612 /* main.m in Sources */,
				F1F798291B638A7900395612 /* FPTDefines.m in Sources */,
				F1F7981E1B637BAA00395612 /* FPTFootprint.m in Sources */,
				F1F798261B6385B100395612 /* FPTRemoteManagedObject.m in Sources */,
				F1F798031B63578F00395612 /* FPTProfileViewController.m in Sources */,
				F1F798091B636C4F00395612 /* FPTFootprintAPIClient.m in Sources */,
				F1F7981A1B637BAA00395612 /* FPTPost.m in Sources */,
				F1F7981B1B637BAA00395612 /* FPTRule.m in Sources */,
			);
			runOnlyForDeploymentPostprocessing = 0;
		};
		F1F797DA1B6336FD00395612 /* Sources */ = {
			isa = PBXSourcesBuildPhase;
			buildActionMask = 2147483647;
			files = (
				F1F7980A1B636C4F00395612 /* FPTFootprintAPIClient.m in Sources */,
				F1F797E51B6336FD00395612 /* FootprintTests.m in Sources */,
			);
			runOnlyForDeploymentPostprocessing = 0;
		};
/* End PBXSourcesBuildPhase section */

/* Begin PBXTargetDependency section */
		F1F797E01B6336FD00395612 /* PBXTargetDependency */ = {
			isa = PBXTargetDependency;
			target = F1F797C11B6336FD00395612 /* Footprint */;
			targetProxy = F1F797DF1B6336FD00395612 /* PBXContainerItemProxy */;
		};
/* End PBXTargetDependency section */

/* Begin PBXVariantGroup section */
		F1F797F81B634B3900395612 /* LaunchScreen.xib */ = {
			isa = PBXVariantGroup;
			children = (
				F1F797F91B634B3900395612 /* Base */,
			);
			name = LaunchScreen.xib;
			sourceTree = "<group>";
		};
/* End PBXVariantGroup section */

/* Begin XCBuildConfiguration section */
		F1F797E61B6336FD00395612 /* Debug */ = {
			isa = XCBuildConfiguration;
			buildSettings = {
				ALWAYS_SEARCH_USER_PATHS = NO;
				CLANG_CXX_LANGUAGE_STANDARD = "gnu++0x";
				CLANG_CXX_LIBRARY = "libc++";
				CLANG_ENABLE_MODULES = YES;
				CLANG_ENABLE_OBJC_ARC = YES;
				CLANG_WARN_BOOL_CONVERSION = YES;
				CLANG_WARN_CONSTANT_CONVERSION = YES;
				CLANG_WARN_DIRECT_OBJC_ISA_USAGE = YES_ERROR;
				CLANG_WARN_EMPTY_BODY = YES;
				CLANG_WARN_ENUM_CONVERSION = YES;
				CLANG_WARN_INT_CONVERSION = YES;
				CLANG_WARN_OBJC_ROOT_CLASS = YES_ERROR;
				CLANG_WARN_UNREACHABLE_CODE = YES;
				CLANG_WARN__DUPLICATE_METHOD_MATCH = YES;
				"CODE_SIGN_IDENTITY[sdk=iphoneos*]" = "iPhone Developer";
				COPY_PHASE_STRIP = NO;
				DEBUG_INFORMATION_FORMAT = "dwarf-with-dsym";
				ENABLE_STRICT_OBJC_MSGSEND = YES;
				GCC_C_LANGUAGE_STANDARD = gnu99;
				GCC_DYNAMIC_NO_PIC = NO;
				GCC_NO_COMMON_BLOCKS = YES;
				GCC_OPTIMIZATION_LEVEL = 0;
				GCC_PREPROCESSOR_DEFINITIONS = (
					"DEBUG=1",
					"$(inherited)",
				);
				GCC_SYMBOLS_PRIVATE_EXTERN = NO;
				GCC_WARN_64_TO_32_BIT_CONVERSION = YES;
				GCC_WARN_ABOUT_RETURN_TYPE = YES_ERROR;
				GCC_WARN_UNDECLARED_SELECTOR = YES;
				GCC_WARN_UNINITIALIZED_AUTOS = YES_AGGRESSIVE;
				GCC_WARN_UNUSED_FUNCTION = YES;
				GCC_WARN_UNUSED_VARIABLE = YES;
				IPHONEOS_DEPLOYMENT_TARGET = 8.0;
				MTL_ENABLE_DEBUG_INFO = YES;
				ONLY_ACTIVE_ARCH = YES;
				SDKROOT = iphoneos;
				TARGETED_DEVICE_FAMILY = "1,2";
			};
			name = Debug;
		};
		F1F797E71B6336FD00395612 /* Release */ = {
			isa = XCBuildConfiguration;
			buildSettings = {
				ALWAYS_SEARCH_USER_PATHS = NO;
				CLANG_CXX_LANGUAGE_STANDARD = "gnu++0x";
				CLANG_CXX_LIBRARY = "libc++";
				CLANG_ENABLE_MODULES = YES;
				CLANG_ENABLE_OBJC_ARC = YES;
				CLANG_WARN_BOOL_CONVERSION = YES;
				CLANG_WARN_CONSTANT_CONVERSION = YES;
				CLANG_WARN_DIRECT_OBJC_ISA_USAGE = YES_ERROR;
				CLANG_WARN_EMPTY_BODY = YES;
				CLANG_WARN_ENUM_CONVERSION = YES;
				CLANG_WARN_INT_CONVERSION = YES;
				CLANG_WARN_OBJC_ROOT_CLASS = YES_ERROR;
				CLANG_WARN_UNREACHABLE_CODE = YES;
				CLANG_WARN__DUPLICATE_METHOD_MATCH = YES;
				"CODE_SIGN_IDENTITY[sdk=iphoneos*]" = "iPhone Developer";
				COPY_PHASE_STRIP = NO;
				DEBUG_INFORMATION_FORMAT = "dwarf-with-dsym";
				ENABLE_NS_ASSERTIONS = NO;
				ENABLE_STRICT_OBJC_MSGSEND = YES;
				GCC_C_LANGUAGE_STANDARD = gnu99;
				GCC_NO_COMMON_BLOCKS = YES;
				GCC_WARN_64_TO_32_BIT_CONVERSION = YES;
				GCC_WARN_ABOUT_RETURN_TYPE = YES_ERROR;
				GCC_WARN_UNDECLARED_SELECTOR = YES;
				GCC_WARN_UNINITIALIZED_AUTOS = YES_AGGRESSIVE;
				GCC_WARN_UNUSED_FUNCTION = YES;
				GCC_WARN_UNUSED_VARIABLE = YES;
				IPHONEOS_DEPLOYMENT_TARGET = 8.0;
				MTL_ENABLE_DEBUG_INFO = NO;
				SDKROOT = iphoneos;
				TARGETED_DEVICE_FAMILY = "1,2";
				VALIDATE_PRODUCT = YES;
			};
			name = Release;
		};
		F1F797E91B6336FD00395612 /* Debug */ = {
			isa = XCBuildConfiguration;
			baseConfigurationReference = D033E136D5CDFC7866217C2C /* Pods-Footprint.debug.xcconfig */;
			buildSettings = {
				ASSETCATALOG_COMPILER_APPICON_NAME = AppIcon;
				CODE_SIGN_IDENTITY = "iPhone Developer";
				"CODE_SIGN_IDENTITY[sdk=iphoneos*]" = "iPhone Developer";
				INFOPLIST_FILE = "$(SRCROOT)/Footprint/Resources/Info.plist";
				LD_RUNPATH_SEARCH_PATHS = "$(inherited) @executable_path/Frameworks";
				PRODUCT_NAME = "$(TARGET_NAME)";
				PROVISIONING_PROFILE = "";
			};
			name = Debug;
		};
		F1F797EA1B6336FD00395612 /* Release */ = {
			isa = XCBuildConfiguration;
			baseConfigurationReference = 2B30BAA1E65FF6107D91078A /* Pods-Footprint.release.xcconfig */;
			buildSettings = {
				ASSETCATALOG_COMPILER_APPICON_NAME = AppIcon;
				CODE_SIGN_IDENTITY = "iPhone Developer";
				"CODE_SIGN_IDENTITY[sdk=iphoneos*]" = "iPhone Developer";
				INFOPLIST_FILE = "$(SRCROOT)/Footprint/Resources/Info.plist";
				LD_RUNPATH_SEARCH_PATHS = "$(inherited) @executable_path/Frameworks";
				PRODUCT_NAME = "$(TARGET_NAME)";
				PROVISIONING_PROFILE = "";
			};
			name = Release;
		};
		F1F797EC1B6336FD00395612 /* Debug */ = {
			isa = XCBuildConfiguration;
			buildSettings = {
				BUNDLE_LOADER = "$(TEST_HOST)";
				FRAMEWORK_SEARCH_PATHS = (
					"$(SDKROOT)/Developer/Library/Frameworks",
					"$(inherited)",
				);
				GCC_PREPROCESSOR_DEFINITIONS = (
					"DEBUG=1",
					"$(inherited)",
				);
				INFOPLIST_FILE = FootprintTests/Info.plist;
				LD_RUNPATH_SEARCH_PATHS = "$(inherited) @executable_path/Frameworks @loader_path/Frameworks";
				PRODUCT_NAME = "$(TARGET_NAME)";
				TEST_HOST = "$(BUILT_PRODUCTS_DIR)/Footprint.app/Footprint";
			};
			name = Debug;
		};
		F1F797ED1B6336FD00395612 /* Release */ = {
			isa = XCBuildConfiguration;
			buildSettings = {
				BUNDLE_LOADER = "$(TEST_HOST)";
				FRAMEWORK_SEARCH_PATHS = (
					"$(SDKROOT)/Developer/Library/Frameworks",
					"$(inherited)",
				);
				INFOPLIST_FILE = FootprintTests/Info.plist;
				LD_RUNPATH_SEARCH_PATHS = "$(inherited) @executable_path/Frameworks @loader_path/Frameworks";
				PRODUCT_NAME = "$(TARGET_NAME)";
				TEST_HOST = "$(BUILT_PRODUCTS_DIR)/Footprint.app/Footprint";
			};
			name = Release;
		};
/* End XCBuildConfiguration section */

/* Begin XCConfigurationList section */
		F1F797BD1B6336FD00395612 /* Build configuration list for PBXProject "Footprint" */ = {
			isa = XCConfigurationList;
			buildConfigurations = (
				F1F797E61B6336FD00395612 /* Debug */,
				F1F797E71B6336FD00395612 /* Release */,
			);
			defaultConfigurationIsVisible = 0;
			defaultConfigurationName = Release;
		};
		F1F797E81B6336FD00395612 /* Build configuration list for PBXNativeTarget "Footprint" */ = {
			isa = XCConfigurationList;
			buildConfigurations = (
				F1F797E91B6336FD00395612 /* Debug */,
				F1F797EA1B6336FD00395612 /* Release */,
			);
			defaultConfigurationIsVisible = 0;
			defaultConfigurationName = Release;
		};
		F1F797EB1B6336FD00395612 /* Build configuration list for PBXNativeTarget "FootprintTests" */ = {
			isa = XCConfigurationList;
			buildConfigurations = (
				F1F797EC1B6336FD00395612 /* Debug */,
				F1F797ED1B6336FD00395612 /* Release */,
			);
			defaultConfigurationIsVisible = 0;
			defaultConfigurationName = Release;
		};
/* End XCConfigurationList section */

/* Begin XCVersionGroup section */
		F1F798211B63849C00395612 /* FPTFootprint.xcdatamodeld */ = {
			isa = XCVersionGroup;
			children = (
				F1F798221B63849C00395612 /* FPTFootprint.xcdatamodel */,
			);
			currentVersion = F1F798221B63849C00395612 /* FPTFootprint.xcdatamodel */;
			path = FPTFootprint.xcdatamodeld;
			sourceTree = "<group>";
			versionGroupType = wrapper.xcdatamodel;
		};
/* End XCVersionGroup section */
	};
	rootObject = F1F797BA1B6336FD00395612 /* Project object */;
}
